
Microsoft Visual Studio Solution File, Format Version 12.00
# Visual Studio Version 17
VisualStudioVersion = 17.2.32602.215
MinimumVisualStudioVersion = 10.0.40219.1
Project("{2150E333-8FDC-42A3-9474-1A3956D46DE8}") = "src", "src", "{EABD1F40-D90C-4D31-9598-2BB1D952A80E}"
EndProject
Project("{2150E333-8FDC-42A3-9474-1A3956D46DE8}") = "tests", "tests", "{9A3930ED-6ED0-48CB-BE9E-34BB8147953C}"
EndProject
Project("{9A19103F-16F7-4668-BE54-9A1E7A4F7556}") = "ShareJobsDataCli", "src\ShareJobsDataCli\ShareJobsDataCli.csproj", "{77E164E5-E161-482A-9A14-EAE6D8554810}"
EndProject
Project("{FAE04EC0-301F-11D3-BF4B-00C04F79EFBC}") = "ShareJobsDataCli.Tests", "tests\ShareJobsDataCli.Tests\ShareJobsDataCli.Tests.csproj", "{FBDEFCC9-4B1C-443E-83C2-DDB8860CA0C1}"
EndProject
Global
	GlobalSection(SolutionConfigurationPlatforms) = preSolution
		Debug|Any CPU = Debug|Any CPU
		Release|Any CPU = Release|Any CPU
	EndGlobalSection
	GlobalSection(ProjectConfigurationPlatforms) = postSolution
		{77E164E5-E161-482A-9A14-EAE6D8554810}.Debug|Any CPU.ActiveCfg = Debug|Any CPU
		{77E164E5-E161-482A-9A14-EAE6D8554810}.Debug|Any CPU.Build.0 = Debug|Any CPU
		{77E164E5-E161-482A-9A14-EAE6D8554810}.Release|Any CPU.ActiveCfg = Release|Any CPU
		{77E164E5-E161-482A-9A14-EAE6D8554810}.Release|Any CPU.Build.0 = Release|Any CPU
		{FBDEFCC9-4B1C-443E-83C2-DDB8860CA0C1}.Debug|Any CPU.ActiveCfg = Debug|Any CPU
		{FBDEFCC9-4B1C-443E-83C2-DDB8860CA0C1}.Debug|Any CPU.Build.0 = Debug|Any CPU
		{FBDEFCC9-4B1C-443E-83C2-DDB8860CA0C1}.Release|Any CPU.ActiveCfg = Release|Any CPU
		{FBDEFCC9-4B1C-443E-83C2-DDB8860CA0C1}.Release|Any CPU.Build.0 = Release|Any CPU
	EndGlobalSection
	GlobalSection(SolutionProperties) = preSolution
		HideSolutionNode = FALSE
	EndGlobalSection
	GlobalSection(NestedProjects) = preSolution
		{77E164E5-E161-482A-9A14-EAE6D8554810} = {EABD1F40-D90C-4D31-9598-2BB1D952A80E}
		{FBDEFCC9-4B1C-443E-83C2-DDB8860CA0C1} = {9A3930ED-6ED0-48CB-BE9E-34BB8147953C}
	EndGlobalSection
	GlobalSection(ExtensibilityGlobals) = postSolution
		SolutionGuid = {811AF731-3F68-49BC-A6E6-CD76A43283A0}
	EndGlobalSection
EndGlobal
